{
  "lockfileVersion": 1,
  "configVersion": 1,
  "workspaces": {
    "": {
      "name": "bunsai",
      "devDependencies": {
        "@aws-sdk/client-cloudwatch-logs": "^3.1058.0",
        "@aws-sdk/client-dynamodb": "^3.1058.0",
        "@aws-sdk/client-eventbridge": "^3.1058.0",
        "@aws-sdk/client-iam": "^3.1058.0",
        "@aws-sdk/client-kms": "^3.1058.0",
        "@aws-sdk/client-s3": "^3.1058.0",
        "@aws-sdk/client-secrets-manager": "^3.1058.0",
        "@aws-sdk/client-sns": "^3.1058.0",
        "@aws-sdk/client-sqs": "^3.1058.0",
        "@aws-sdk/client-ssm": "^3.1058.0",
        "@aws-sdk/client-sts": "^3.1058.0",
      },
    },
    "apps/dashboard": {
      "name": "@bunsai/dashboard",
      "dependencies": {
        "react": "^19.2.0",
        "react-dom": "^19.2.0",
      },
      "devDependencies": {
        "@types/react": "^19.2.0",
        "@types/react-dom": "^19.2.0",
      },
    },
    "apps/server": {
      "name": "@bunsai/server",
    },
  },
  "packages": {
    "@aws-crypto/crc32": ["@aws-crypto/crc32@5.2.0", "", { "dependencies": { "@aws-crypto/util": "^5.2.0", "@aws-sdk/types": "^3.222.0", "tslib": "^2.6.2" } }, "sha512-nLbCWqQNgUiwwtFsen1AdzAtvuLRsQS8rYgMuxCrdKf9kOssamGLuPwyTY9wyYblNr9+1XM8v6zoDTPPSIeANg=="],

    "@aws-crypto/crc32c": ["@aws-crypto/crc32c@5.2.0", "", { "dependencies": { "@aws-crypto/util": "^5.2.0", "@aws-sdk/types": "^3.222.0", "tslib": "^2.6.2" } }, "sha512-+iWb8qaHLYKrNvGRbiYRHSdKRWhto5XlZUEBwDjYNf+ly5SVYG6zEoYIdxvf5R3zyeP16w4PLBn3rH1xc74Rag=="],

    "@aws-crypto/sha1-browser": ["@aws-crypto/sha1-browser@5.2.0", "", { "dependencies": { "@aws-crypto/supports-web-crypto": "^5.2.0", "@aws-crypto/util": "^5.2.0", "@aws-sdk/types": "^3.222.0", "@aws-sdk/util-locate-window": "^3.0.0", "@smithy/util-utf8": "^2.0.0", "tslib": "^2.6.2" } }, "sha512-OH6lveCFfcDjX4dbAvCFSYUjJZjDr/3XJ3xHtjn3Oj5b9RjojQo8npoLeA/bNwkOkrSQ0wgrHzXk4tDRxGKJeg=="],

    "@aws-crypto/sha256-browser": ["@aws-crypto/sha256-browser@5.2.0", "", { "dependencies": { "@aws-crypto/sha256-js": "^5.2.0", "@aws-crypto/supports-web-crypto": "^5.2.0", "@aws-crypto/util": "^5.2.0", "@aws-sdk/types": "^3.222.0", "@aws-sdk/util-locate-window": "^3.0.0", "@smithy/util-utf8": "^2.0.0", "tslib": "^2.6.2" } }, "sha512-AXfN/lGotSQwu6HNcEsIASo7kWXZ5HYWvfOmSNKDsEqC4OashTp8alTmaz+F7TC2L083SFv5RdB+qU3Vs1kZqw=="],

    "@aws-crypto/sha256-js": ["@aws-crypto/sha256-js@5.2.0", "", { "dependencies": { "@aws-crypto/util": "^5.2.0", "@aws-sdk/types": "^3.222.0", "tslib": "^2.6.2" } }, "sha512-FFQQyu7edu4ufvIZ+OadFpHHOt+eSTBaYaki44c+akjg7qZg9oOQeLlk77F6tSYqjDAFClrHJk9tMf0HdVyOvA=="],

    "@aws-crypto/supports-web-crypto": ["@aws-crypto/supports-web-crypto@5.2.0", "", { "dependencies": { "tslib": "^2.6.2" } }, "sha512-iAvUotm021kM33eCdNfwIN//F77/IADDSs58i+MDaOqFrVjZo9bAal0NK7HurRuWLLpF1iLX7gbWrjHjeo+YFg=="],

    "@aws-crypto/util": ["@aws-crypto/util@5.2.0", "", { "dependencies": { "@aws-sdk/types": "^3.222.0", "@smithy/util-utf8": "^2.0.0", "tslib": "^2.6.2" } }, "sha512-4RkU9EsI6ZpBve5fseQlGNUWKMa1RLPQ1dnjnQoe07ldfIzcsGb5hC5W0Dm7u423KWzawlrpbjXBrXCEv9zazQ=="],

    "@aws-sdk/client-cloudwatch-logs": ["@aws-sdk/client-cloudwatch-logs@3.1058.0", "", { "dependencies": { "@aws-crypto/sha256-browser": "5.2.0", "@aws-crypto/sha256-js": "5.2.0", "@aws-sdk/core": "^3.974.15", "@aws-sdk/credential-provider-node": "^3.972.48", "@aws-sdk/types": "^3.973.9", "@smithy/core": "^3.24.5", "@smithy/fetch-http-handler": "^5.4.5", "@smithy/node-http-handler": "^4.7.5", "@smithy/types": "^4.14.2", "tslib": "^2.6.2" } }, "sha512-3QbFaRZRBIiAmB0qxPueMqGqFPBbFao4PQ2POtzboQCixcy1NB6xq4kFxX8G/SJSpWguDCuGnRF2oGHZtkeM9w=="],

    "@aws-sdk/client-dynamodb": ["@aws-sdk/client-dynamodb@3.1058.0", "", { "dependencies": { "@aws-crypto/sha256-browser": "5.2.0", "@aws-crypto/sha256-js": "5.2.0", "@aws-sdk/core": "^3.974.15", "@aws-sdk/credential-provider-node": "^3.972.48", "@aws-sdk/dynamodb-codec": "^3.973.15", "@aws-sdk/middleware-endpoint-discovery": "^3.972.15", "@aws-sdk/types": "^3.973.9", "@smithy/core": "^3.24.5", "@smithy/fetch-http-handler": "^5.4.5", "@smithy/node-http-handler": "^4.7.5", "@smithy/types": "^4.14.2", "tslib": "^2.6.2" } }, "sha512-mqPD7iaRXP64vdzKU5TVX5lBH2mGbjsZ7Ms+ztQWZseT9gYTj5p/HOop3Ossy1Kifkc+6sLUzmy8G5qPTBE6+w=="],

    "@aws-sdk/client-eventbridge": ["@aws-sdk/client-eventbridge@3.1058.0", "", { "dependencies": { "@aws-crypto/sha256-browser": "5.2.0", "@aws-crypto/sha256-js": "5.2.0", "@aws-sdk/core": "^3.974.15", "@aws-sdk/credential-provider-node": "^3.972.48", "@aws-sdk/signature-v4-multi-region": "^3.996.30", "@aws-sdk/types": "^3.973.9", "@smithy/core": "^3.24.5", "@smithy/fetch-http-handler": "^5.4.5", "@smithy/node-http-handler": "^4.7.5", "@smithy/types": "^4.14.2", "tslib": "^2.6.2" } }, "sha512-C0/2p6AjWZtxGt01bBlcyWjUoYyfm00pIayCdsH9cBZlujFFkWS1A+yjWBMJsWJ/wi4ZeJg4yN1B9fEZVW8x6g=="],

    "@aws-sdk/client-iam": ["@aws-sdk/client-iam@3.1058.0", "", { "dependencies": { "@aws-crypto/sha256-browser": "5.2.0", "@aws-crypto/sha256-js": "5.2.0", "@aws-sdk/core": "^3.974.15", "@aws-sdk/credential-provider-node": "^3.972.48", "@aws-sdk/types": "^3.973.9", "@smithy/core": "^3.24.5", "@smithy/fetch-http-handler": "^5.4.5", "@smithy/node-http-handler": "^4.7.5", "@smithy/types": "^4.14.2", "tslib": "^2.6.2" } }, "sha512-RDzk9K0lb2iYqUQ6nOZeJiFY3uetpdPoGpCM/aqQZoQUEJOA+kxyr/XkeNfqYWZv6O1KZmcg/pbv53FaxMc2mg=="],

    "@aws-sdk/client-kms": ["@aws-sdk/client-kms@3.1058.0", "", { "dependencies": { "@aws-crypto/sha256-browser": "5.2.0", "@aws-crypto/sha256-js": "5.2.0", "@aws-sdk/core": "^3.974.15", "@aws-sdk/credential-provider-node": "^3.972.48", "@aws-sdk/types": "^3.973.9", "@smithy/core": "^3.24.5", "@smithy/fetch-http-handler": "^5.4.5", "@smithy/node-http-handler": "^4.7.5", "@smithy/types": "^4.14.2", "tslib": "^2.6.2" } }, "sha512-sZ+vpNFa7ACfV0sMPCYR4dIMN9LUH/M/7OStsTADSNzTKiRQKTt//Vsfu7ku0tHEjjVX5fOc6oSeu9LRu4tD6Q=="],

    "@aws-sdk/client-s3": ["@aws-sdk/client-s3@3.1058.0", "", { "dependencies": { "@aws-crypto/sha1-browser": "5.2.0", "@aws-crypto/sha256-browser": "5.2.0", "@aws-crypto/sha256-js": "5.2.0", "@aws-sdk/core": "^3.974.15", "@aws-sdk/credential-provider-node": "^3.972.48", "@aws-sdk/middleware-bucket-endpoint": "^3.972.17", "@aws-sdk/middleware-expect-continue": "^3.972.14", "@aws-sdk/middleware-flexible-checksums": "^3.974.23", "@aws-sdk/middleware-location-constraint": "^3.972.11", "@aws-sdk/middleware-sdk-s3": "^3.972.44", "@aws-sdk/middleware-ssec": "^3.972.11", "@aws-sdk/signature-v4-multi-region": "^3.996.30", "@aws-sdk/types": "^3.973.9", "@smithy/core": "^3.24.5", "@smithy/fetch-http-handler": "^5.4.5", "@smithy/node-http-handler": "^4.7.5", "@smithy/types": "^4.14.2", "tslib": "^2.6.2" } }, "sha512-AfED3hhaBZ121NuiBImgnlF98kQRMk6hGPMGfj/Oo1hSaoMFRzM+N4nlICCasUSM2R8QaIRZRYGpZ3fy0ilGZQ=="],

    "@aws-sdk/client-secrets-manager": ["@aws-sdk/client-secrets-manager@3.1058.0", "", { "dependencies": { "@aws-crypto/sha256-browser": "5.2.0", "@aws-crypto/sha256-js": "5.2.0", "@aws-sdk/core": "^3.974.15", "@aws-sdk/credential-provider-node": "^3.972.48", "@aws-sdk/types": "^3.973.9", "@smithy/core": "^3.24.5", "@smithy/fetch-http-handler": "^5.4.5", "@smithy/node-http-handler": "^4.7.5", "@smithy/types": "^4.14.2", "tslib": "^2.6.2" } }, "sha512-m6u7ns0aA1dJGKVhqz7HQFEyvMu5ae67bxVmolSH3rQwHnvjRxWMCgGKWljgHI/Pd2OiRtodZlLikafjo65EPg=="],

    "@aws-sdk/client-sns": ["@aws-sdk/client-sns@3.1058.0", "", { "dependencies": { "@aws-crypto/sha256-browser": "5.2.0", "@aws-crypto/sha256-js": "5.2.0", "@aws-sdk/core": "^3.974.15", "@aws-sdk/credential-provider-node": "^3.972.48", "@aws-sdk/types": "^3.973.9", "@smithy/core": "^3.24.5", "@smithy/fetch-http-handler": "^5.4.5", "@smithy/node-http-handler": "^4.7.5", "@smithy/types": "^4.14.2", "tslib": "^2.6.2" } }, "sha512-HtABFlIVMYsgG8/unOIaOtHkOzV4wS3Q87h3tOYmjZjf0SjfxEMimtS1KSVLCe8myRPKWb0/Tv0RVb96Cac0wA=="],

    "@aws-sdk/client-sqs": ["@aws-sdk/client-sqs@3.1058.0", "", { "dependencies": { "@aws-crypto/sha256-browser": "5.2.0", "@aws-crypto/sha256-js": "5.2.0", "@aws-sdk/core": "^3.974.15", "@aws-sdk/credential-provider-node": "^3.972.48", "@aws-sdk/middleware-sdk-sqs": "^3.972.26", "@aws-sdk/types": "^3.973.9", "@smithy/core": "^3.24.5", "@smithy/fetch-http-handler": "^5.4.5", "@smithy/node-http-handler": "^4.7.5", "@smithy/types": "^4.14.2", "tslib": "^2.6.2" } }, "sha512-uduSJ9ywqDVphgeDEiPOZPxMxlHJa9vykxhJ602Z6hxfx5A4ziIOt+edg9mfBd1J3Y2REo3FXYWIq2soChuu5Q=="],

    "@aws-sdk/client-ssm": ["@aws-sdk/client-ssm@3.1058.0", "", { "dependencies": { "@aws-crypto/sha256-browser": "5.2.0", "@aws-crypto/sha256-js": "5.2.0", "@aws-sdk/core": "^3.974.15", "@aws-sdk/credential-provider-node": "^3.972.48", "@aws-sdk/types": "^3.973.9", "@smithy/core": "^3.24.5", "@smithy/fetch-http-handler": "^5.4.5", "@smithy/node-http-handler": "^4.7.5", "@smithy/types": "^4.14.2", "tslib": "^2.6.2" } }, "sha512-xvJ0IahS3aepnIW1400dApwH3i/eJk+ggXNbNxnjHxjN8gozTFKn80HaboT/husAImv8qzJhZG/9ZeeT7o2USg=="],

    "@aws-sdk/client-sts": ["@aws-sdk/client-sts@3.1058.0", "", { "dependencies": { "@aws-crypto/sha256-browser": "5.2.0", "@aws-crypto/sha256-js": "5.2.0", "@aws-sdk/core": "^3.974.15", "@aws-sdk/credential-provider-node": "^3.972.48", "@aws-sdk/signature-v4-multi-region": "^3.996.30", "@aws-sdk/types": "^3.973.9", "@smithy/core": "^3.24.5", "@smithy/fetch-http-handler": "^5.4.5", "@smithy/node-http-handler": "^4.7.5", "@smithy/types": "^4.14.2", "tslib": "^2.6.2" } }, "sha512-XrZLZesF3vcsuoD0r25R3PIr8aLZQnr6y6ec5Zdowu3LMdeFlHLGoFfmfMGEPwWkHK6/ZVcqIiPbZ5SHc81cVQ=="],

    "@aws-sdk/core": ["@aws-sdk/core@3.974.15", "", { "dependencies": { "@aws-sdk/types": "^3.973.9", "@aws-sdk/xml-builder": "^3.972.26", "@aws/lambda-invoke-store": "^0.2.2", "@smithy/core": "^3.24.5", "@smithy/signature-v4": "^5.4.5", "@smithy/types": "^4.14.2", "bowser": "^2.11.0", "tslib": "^2.6.2" } }, "sha512-UpA0rTGW/tHGITcCqHisbuuEPraYg9GG+mWmXjY5+RxZBMLGe6aL9oe0ix50LztwAcPIkGZLH0yWdMIkCM10hw=="],

    "@aws-sdk/crc64-nvme": ["@aws-sdk/crc64-nvme@3.972.9", "", { "dependencies": { "@smithy/types": "^4.14.2", "tslib": "^2.6.2" } }, "sha512-P+QGozmXn2mZZI7sDgk+aUm+RTI61MPSFB+Ir2vjEjEbEsE4e7hYtzrDvAUxZy9ko81h53e11+F/GYlvwDkaOQ=="],

    "@aws-sdk/credential-provider-env": ["@aws-sdk/credential-provider-env@3.972.41", "", { "dependencies": { "@aws-sdk/core": "^3.974.15", "@aws-sdk/types": "^3.973.9", "@smithy/core": "^3.24.5", "@smithy/types": "^4.14.2", "tslib": "^2.6.2" } }, "sha512-n1EbJ98yvPWWdHZZv8bRBMqqDQJrtgtxyJ4xLy2Uqrh25BCOZQ7nnS1CsFXvuH8r0b0KVHDZEGEH5FxmEMP8jg=="],

    "@aws-sdk/credential-provider-http": ["@aws-sdk/credential-provider-http@3.972.43", "", { "dependencies": { "@aws-sdk/core": "^3.974.15", "@aws-sdk/types": "^3.973.9", "@smithy/core": "^3.24.5", "@smithy/fetch-http-handler": "^5.4.5", "@smithy/node-http-handler": "^4.7.5", "@smithy/types": "^4.14.2", "tslib": "^2.6.2" } }, "sha512-TT76RN1NkI9WoyZqCNxOw6/WBMF7pYOTJcXbMokNFU+euSG40Kaf/t/FhDACVZWP+43wEM6ZynIPIkzS1wR1iA=="],

    "@aws-sdk/credential-provider-ini": ["@aws-sdk/credential-provider-ini@3.972.46", "", { "dependencies": { "@aws-sdk/core": "^3.974.15", "@aws-sdk/credential-provider-env": "^3.972.41", "@aws-sdk/credential-provider-http": "^3.972.43", "@aws-sdk/credential-provider-login": "^3.972.45", "@aws-sdk/credential-provider-process": "^3.972.41", "@aws-sdk/credential-provider-sso": "^3.972.45", "@aws-sdk/credential-provider-web-identity": "^3.972.45", "@aws-sdk/nested-clients": "^3.997.13", "@aws-sdk/types": "^3.973.9", "@smithy/core": "^3.24.5", "@smithy/credential-provider-imds": "^4.3.6", "@smithy/types": "^4.14.2", "tslib": "^2.6.2" } }, "sha512-hvcgcwOiS0nb2XFb5Op1Pz/vYaWz5K8kKullziGpdNRuG0NwzRXseuPt2CoBqknHGaSPVesu1aOn2OcctEYdCA=="],

    "@aws-sdk/credential-provider-login": ["@aws-sdk/credential-provider-login@3.972.45", "", { "dependencies": { "@aws-sdk/core": "^3.974.15", "@aws-sdk/nested-clients": "^3.997.13", "@aws-sdk/types": "^3.973.9", "@smithy/core": "^3.24.5", "@smithy/types": "^4.14.2", "tslib": "^2.6.2" } }, "sha512-MZQv4SNjByk1iOKmrqmzcUF/uCB05wjvEHyXKxmGQTUANTIVayX6HPUF0bzkWLvtnkH7sAn9kUCfkXbSpj9sDA=="],

    "@aws-sdk/credential-provider-node": ["@aws-sdk/credential-provider-node@3.972.48", "", { "dependencies": { "@aws-sdk/credential-provider-env": "^3.972.41", "@aws-sdk/credential-provider-http": "^3.972.43", "@aws-sdk/credential-provider-ini": "^3.972.46", "@aws-sdk/credential-provider-process": "^3.972.41", "@aws-sdk/credential-provider-sso": "^3.972.45", "@aws-sdk/credential-provider-web-identity": "^3.972.45", "@aws-sdk/types": "^3.973.9", "@smithy/core": "^3.24.5", "@smithy/credential-provider-imds": "^4.3.6", "@smithy/types": "^4.14.2", "tslib": "^2.6.2" } }, "sha512-QIbtJP0olSLZ2ImEu636pP+7JJbPfaL3xSJIFXhu472CWuondCc4bGOa8OeyhOFet8z4H1D/ZFKXc39FboWwYA=="],

    "@aws-sdk/credential-provider-process": ["@aws-sdk/credential-provider-process@3.972.41", "", { "dependencies": { "@aws-sdk/core": "^3.974.15", "@aws-sdk/types": "^3.973.9", "@smithy/core": "^3.24.5", "@smithy/types": "^4.14.2", "tslib": "^2.6.2" } }, "sha512-7I/n1zkysouLOWvkEhjNEP4vMnD2v4kzzr3/3QBdrripEpn7ap1/I5DF3Hou1SUqkKWo1f3oPGMyFAA1FAMvsQ=="],

    "@aws-sdk/credential-provider-sso": ["@aws-sdk/credential-provider-sso@3.972.45", "", { "dependencies": { "@aws-sdk/core": "^3.974.15", "@aws-sdk/nested-clients": "^3.997.13", "@aws-sdk/token-providers": "3.1056.0", "@aws-sdk/types": "^3.973.9", "@smithy/core": "^3.24.5", "@smithy/types": "^4.14.2", "tslib": "^2.6.2" } }, "sha512-oHgbz/eFD8IKiksqDsz9ZMU4A59BpQq4QwJedBnGD80ZqYcHPPHZBwjBnxLVkB7iRVVHWpDclR8yWdD2PkQIUA=="],

    "@aws-sdk/credential-provider-web-identity": ["@aws-sdk/credential-provider-web-identity@3.972.45", "", { "dependencies": { "@aws-sdk/core": "^3.974.15", "@aws-sdk/nested-clients": "^3.997.13", "@aws-sdk/types": "^3.973.9", "@smithy/core": "^3.24.5", "@smithy/types": "^4.14.2", "tslib": "^2.6.2" } }, "sha512-CDhzKdb2onv5bpnjn/acgdNmJOQthPDLsPizU7rZflsEcgMMp8Mlri+U5hdxf8ldvZJpvM3vLU6D56vfJm5AMQ=="],

    "@aws-sdk/dynamodb-codec": ["@aws-sdk/dynamodb-codec@3.973.15", "", { "dependencies": { "@aws-sdk/core": "^3.974.15", "@smithy/core": "^3.24.5", "@smithy/types": "^4.14.2", "tslib": "^2.6.2" } }, "sha512-R09IUytTrUKwsIiMVSHPZJz0zO9EsXHg/JZ+3AwQ+eSahRnHuPuZANMfeTb/j2+AKkZ7DhW2FcT6XuHLwC0cZw=="],

    "@aws-sdk/endpoint-cache": ["@aws-sdk/endpoint-cache@3.972.5", "", { "dependencies": { "mnemonist": "0.38.3", "tslib": "^2.6.2" } }, "sha512-itVdge0NozgtgmtbZ25FVwWU3vGlE7x7feE/aOEJNkQfEpbkrF8Rj1QmnK+2blFfYE1xWt/iU+6/jUp/pv1+MA=="],

    "@aws-sdk/middleware-bucket-endpoint": ["@aws-sdk/middleware-bucket-endpoint@3.972.17", "", { "dependencies": { "@aws-sdk/core": "^3.974.15", "@aws-sdk/types": "^3.973.9", "@smithy/core": "^3.24.5", "@smithy/types": "^4.14.2", "tslib": "^2.6.2" } }, "sha512-lbDmWuHenc+kiwCNrxz4MyN6nkxCWyTXPIWuspJN0ibziu+8CXci7vI1bK9MAkwy8cwJOEXNu0gBM5S0uTGRIg=="],

    "@aws-sdk/middleware-endpoint-discovery": ["@aws-sdk/middleware-endpoint-discovery@3.972.15", "", { "dependencies": { "@aws-sdk/endpoint-cache": "^3.972.5", "@aws-sdk/types": "^3.973.9", "@smithy/core": "^3.24.5", "@smithy/types": "^4.14.2", "tslib": "^2.6.2" } }, "sha512-L1wbvrAb0hv7Vx6eTEyqQwXaNETSj/L30BVCkSxD0k6Ve5cZUM0SLUvBn8aA/B4YtIpMzCbzNaVytZY7uOzJSw=="],

    "@aws-sdk/middleware-expect-continue": ["@aws-sdk/middleware-expect-continue@3.972.14", "", { "dependencies": { "@aws-sdk/types": "^3.973.9", "@smithy/core": "^3.24.5", "@smithy/types": "^4.14.2", "tslib": "^2.6.2" } }, "sha512-3TNFEVGO4sWZj9TEXOCZLzGEctXHnaO4fk2EQ8KVaboTbwHmEPEQrm17Xb9koImUIXEw0sgi2xtHjg7LuTS3rA=="],

    "@aws-sdk/middleware-flexible-checksums": ["@aws-sdk/middleware-flexible-checksums@3.974.23", "", { "dependencies": { "@aws-crypto/crc32": "5.2.0", "@aws-crypto/crc32c": "5.2.0", "@aws-crypto/util": "5.2.0", "@aws-sdk/core": "^3.974.15", "@aws-sdk/crc64-nvme": "^3.972.9", "@aws-sdk/types": "^3.973.9", "@smithy/core": "^3.24.5", "@smithy/types": "^4.14.2", "tslib": "^2.6.2" } }, "sha512-4nPKARo2lfKvQGUt2fPA5NlS/mEohckdxpuC9ecbjVfj7B7NFFYHeTg+Bf5BEQwdn3yRfUIzFiEkPp8Yuaw3wA=="],

    "@aws-sdk/middleware-location-constraint": ["@aws-sdk/middleware-location-constraint@3.972.11", "", { "dependencies": { "@aws-sdk/types": "^3.973.9", "@smithy/types": "^4.14.2", "tslib": "^2.6.2" } }, "sha512-hkfspNUP4criAH6ton6BGKgnm5dZx+7bUOy1YqlTfejDeUPAM23D81q/IX+hdlS3KUsfwGz5ADTqZWKBEUpf4A=="],

    "@aws-sdk/middleware-sdk-s3": ["@aws-sdk/middleware-sdk-s3@3.972.44", "", { "dependencies": { "@aws-sdk/core": "^3.974.15", "@aws-sdk/signature-v4-multi-region": "^3.996.30", "@aws-sdk/types": "^3.973.9", "@smithy/core": "^3.24.5", "@smithy/types": "^4.14.2", "tslib": "^2.6.2" } }, "sha512-8HQsRg1NpX8vR4vNl1E8pyLnqZroq9VSL2vZQVSgBqp6wv6365LzYD08/c9FFh/9FTg7YRc7aTtEmXF0ir/pqg=="],

    "@aws-sdk/middleware-sdk-sqs": ["@aws-sdk/middleware-sdk-sqs@3.972.26", "", { "dependencies": { "@aws-sdk/types": "^3.973.9", "@smithy/core": "^3.24.5", "@smithy/types": "^4.14.2", "tslib": "^2.6.2" } }, "sha512-9VjCszKNDgEvHZBcryWpjGY4vwbTZU6hWARsxJZ+SZSglalP/6g8QTIKmKxSKlLle0BvrWhbZ5wlRhktTTkXEQ=="],

    "@aws-sdk/middleware-ssec": ["@aws-sdk/middleware-ssec@3.972.11", "", { "dependencies": { "@aws-sdk/types": "^3.973.9", "@smithy/types": "^4.14.2", "tslib": "^2.6.2" } }, "sha512-7PQvGNhtveKlvVqNahqWx5yrwxP7ecwAoB1dYBf8eKwfo2tzzCbNnW+q2nO3N066ktQaB4iBQbDRWtizm+amoQ=="],

    "@aws-sdk/nested-clients": ["@aws-sdk/nested-clients@3.997.13", "", { "dependencies": { "@aws-crypto/sha256-browser": "5.2.0", "@aws-crypto/sha256-js": "5.2.0", "@aws-sdk/core": "^3.974.15", "@aws-sdk/signature-v4-multi-region": "^3.996.30", "@aws-sdk/types": "^3.973.9", "@smithy/core": "^3.24.5", "@smithy/fetch-http-handler": "^5.4.5", "@smithy/node-http-handler": "^4.7.5", "@smithy/types": "^4.14.2", "tslib": "^2.6.2" } }, "sha512-2pA6eyb5nSo/ZD2cayhOTEMoGQYgspq0RI05GDLkzQ3ajZ6isS6waV6E92Am/hz4LIlLUTrbwPLurJ/fuiHvkg=="],

    "@aws-sdk/signature-v4-multi-region": ["@aws-sdk/signature-v4-multi-region@3.996.30", "", { "dependencies": { "@aws-sdk/types": "^3.973.9", "@smithy/signature-v4": "^5.4.5", "@smithy/types": "^4.14.2", "tslib": "^2.6.2" } }, "sha512-HULDLMVzkmTSEv6//7kx2kRevp/VYUpm8hJNNFbmhxDn0fUiGTxVcM9yg31TukvTq8nyOBDUN2gH0o5IRbKjdw=="],

    "@aws-sdk/token-providers": ["@aws-sdk/token-providers@3.1056.0", "", { "dependencies": { "@aws-sdk/core": "^3.974.15", "@aws-sdk/nested-clients": "^3.997.13", "@aws-sdk/types": "^3.973.9", "@smithy/core": "^3.24.5", "@smithy/types": "^4.14.2", "tslib": "^2.6.2" } }, "sha512-81duvlltQlsfn5K+o8zILcystBRdbT1G2JJYVCML5NZHBz4CL/zf+sAemCtBh/uh6RQUMyInGeZLQ7/8igZhbA=="],

    "@aws-sdk/types": ["@aws-sdk/types@3.973.9", "", { "dependencies": { "@smithy/types": "^4.14.2", "tslib": "^2.6.2" } }, "sha512-kuBfgQVdcz5Bmapc4A13YbpVw/pXkesfhetcFYwbntqas8sF41OHyd4o28+/TG2ZQdHBsv90Lsu5y6oitvYCdg=="],

    "@aws-sdk/util-locate-window": ["@aws-sdk/util-locate-window@3.965.5", "", { "dependencies": { "tslib": "^2.6.2" } }, "sha512-WhlJNNINQB+9qtLtZJcpQdgZw3SCDCpXdUJP7cToGwHbCWCnRckGlc6Bx/OhWwIYFNAn+FIydY8SZ0QmVu3xTQ=="],

    "@aws-sdk/xml-builder": ["@aws-sdk/xml-builder@3.972.26", "", { "dependencies": { "@smithy/types": "^4.14.2", "fast-xml-parser": "5.7.3", "tslib": "^2.6.2" } }, "sha512-cDbrqvDS73whl6YAPSPq0U6whzG6UWI9PuWh0wrUuGoZexhWEqhdunbukV7iBoaWnFV1AODutM5hOD6rtn439g=="],

    "@aws/lambda-invoke-store": ["@aws/lambda-invoke-store@0.2.4", "", {}, "sha512-iY8yvjE0y651BixKNPgmv1WrQc+GZ142sb0z4gYnChDDY2YqI4P/jsSopBWrKfAt7LOJAkOXt7rC/hms+WclQQ=="],

    "@bunsai/dashboard": ["@bunsai/dashboard@workspace:apps/dashboard"],

    "@bunsai/server": ["@bunsai/server@workspace:apps/server"],

    "@nodable/entities": ["@nodable/entities@2.1.1", "", {}, "sha512-Pig3HxDIoMgjdEH8OCf/dkcTmLFjJRjWuq8jSnklu284/TKOPibSRERmOykiwmyXTtv61mP+44f3GMx0tLAyjg=="],

    "@smithy/core": ["@smithy/core@3.24.6", "", { "dependencies": { "@aws-crypto/crc32": "5.2.0", "@smithy/types": "^4.14.3", "tslib": "^2.6.2" } }, "sha512-wBXDRup6UU97VKyaiRo8AssnfStPtG0oAAfpq/bC0a1YYau8pM86YB4kM6ccoVi1mS8l/UHbn9oDM+7uozr/ug=="],

    "@smithy/credential-provider-imds": ["@smithy/credential-provider-imds@4.3.7", "", { "dependencies": { "@smithy/core": "^3.24.6", "@smithy/types": "^4.14.3", "tslib": "^2.6.2" } }, "sha512-xj8gq/bjFABAh6qWPSDCYcY3kzQIm4b561C+YnHH4zGq8rOgzQ3Shk+JGlpUxSd41UGiO6FkLdUCtNX1FAeHgg=="],

    "@smithy/fetch-http-handler": ["@smithy/fetch-http-handler@5.4.6", "", { "dependencies": { "@smithy/core": "^3.24.6", "@smithy/types": "^4.14.3", "tslib": "^2.6.2" } }, "sha512-FEwEYJ1jlBKdhe9TPzfghEi1bP55ZeEImlDkEa62bBBYzUcnB6RUCyuiS2mqKt6ZVjUbBgcNhzfIctH+Hevx9g=="],

    "@smithy/is-array-buffer": ["@smithy/is-array-buffer@2.2.0", "", { "dependencies": { "tslib": "^2.6.2" } }, "sha512-GGP3O9QFD24uGeAXYUjwSTXARoqpZykHadOmA8G5vfJPK0/DC67qa//0qvqrJzL1xc8WQWX7/yc7fwudjPHPhA=="],

    "@smithy/node-http-handler": ["@smithy/node-http-handler@4.7.6", "", { "dependencies": { "@smithy/core": "^3.24.6", "@smithy/types": "^4.14.3", "tslib": "^2.6.2" } }, "sha512-3fya8i7GrJilQouk4cZJKdy5k8MWQBpjfXrRNaXDedH8r779tr0jcxyH3+yoTmsluc2+vF4S343yFbnvu8ExDQ=="],

    "@smithy/signature-v4": ["@smithy/signature-v4@5.4.6", "", { "dependencies": { "@smithy/core": "^3.24.6", "@smithy/types": "^4.14.3", "tslib": "^2.6.2" } }, "sha512-Ojg4B6oIDlIr1R86xCDJt1zJWnYa0VINmqdjfe9qxWjdRivHalZ3iSlQgVqYbW0MdpFOC5XfHEWsnbmdnpIILQ=="],

    "@smithy/types": ["@smithy/types@4.14.3", "", { "dependencies": { "tslib": "^2.6.2" } }, "sha512-YupL0ZWmFtJexUN2cHzkvvF/b9pKrtAIfT1o7/oY/Ppu8IYeZ+lDPM5vZdQJaSeA132dJCqojjGC9NhXeF71VQ=="],

    "@smithy/util-buffer-from": ["@smithy/util-buffer-from@2.2.0", "", { "dependencies": { "@smithy/is-array-buffer": "^2.2.0", "tslib": "^2.6.2" } }, "sha512-IJdWBbTcMQ6DA0gdNhh/BwrLkDR+ADW5Kr1aZmd4k3DIF6ezMV4R2NIAmT08wQJ3yUK82thHWmC/TnK/wpMMIA=="],

    "@smithy/util-utf8": ["@smithy/util-utf8@2.3.0", "", { "dependencies": { "@smithy/util-buffer-from": "^2.2.0", "tslib": "^2.6.2" } }, "sha512-R8Rdn8Hy72KKcebgLiv8jQcQkXoLMOGGv5uI1/k0l+snqkOzQ1R0ChUBCxWMlBsFMekWjq0wRudIweFs7sKT5A=="],

    "@types/react": ["@types/react@19.2.16", "", { "dependencies": { "csstype": "^3.2.2" } }, "sha512-esJiCAnl0kfpNdE69f3So4WJUXy95dLZydX0KwK46riIHDzHM7O9Vtf9xCHW0PXIqvgqNrswl522kA/5yx+F4w=="],

    "@types/react-dom": ["@types/react-dom@19.2.3", "", { "peerDependencies": { "@types/react": "^19.2.0" } }, "sha512-jp2L/eY6fn+KgVVQAOqYItbF0VY/YApe5Mz2F0aykSO8gx31bYCZyvSeYxCHKvzHG5eZjc+zyaS5BrBWya2+kQ=="],

    "bowser": ["bowser@2.14.1", "", {}, "sha512-tzPjzCxygAKWFOJP011oxFHs57HzIhOEracIgAePE4pqB3LikALKnSzUyU4MGs9/iCEUuHlAJTjTc5M+u7YEGg=="],

    "csstype": ["csstype@3.2.3", "", {}, "sha512-z1HGKcYy2xA8AGQfwrn0PAy+PB7X/GSj3UVJW9qKyn43xWa+gl5nXmU4qqLMRzWVLFC8KusUX8T/0kCiOYpAIQ=="],

    "fast-xml-builder": ["fast-xml-builder@1.2.0", "", { "dependencies": { "path-expression-matcher": "^1.5.0", "xml-naming": "^0.1.0" } }, "sha512-00aAWieqff+ZJhsXA4g1g7M8k+7AYoMUUHF+/zFb5U6Uv/P0Vl4QZo84/IcufzYalLuEj9928bXN9PbbFzMF0Q=="],

    "fast-xml-parser": ["fast-xml-parser@5.7.3", "", { "dependencies": { "@nodable/entities": "^2.1.0", "fast-xml-builder": "^1.1.7", "path-expression-matcher": "^1.5.0", "strnum": "^2.2.3" }, "bin": { "fxparser": "src/cli/cli.js" } }, "sha512-C0AaNuC+mscy6vrAQKAc/rMq+zAPHodfHGZu4sGVehvAQt/JLG1O5zEcYcXSY5zSqr4YVgxsB+pHXTq0i7eDlg=="],

    "mnemonist": ["mnemonist@0.38.3", "", { "dependencies": { "obliterator": "^1.6.1" } }, "sha512-2K9QYubXx/NAjv4VLq1d1Ly8pWNC5L3BrixtdkyTegXWJIqY+zLNDhhX/A+ZwWt70tB1S8H4BE8FLYEFyNoOBw=="],

    "obliterator": ["obliterator@1.6.1", "", {}, "sha512-9WXswnqINnnhOG/5SLimUlzuU1hFJUc8zkwyD59Sd+dPOMf05PmnYG/d6Q7HZ+KmgkZJa1PxRso6QdM3sTNHig=="],

    "path-expression-matcher": ["path-expression-matcher@1.5.0", "", {}, "sha512-cbrerZV+6rvdQrrD+iGMcZFEiiSrbv9Tfdkvnusy6y0x0GKBXREFg/Y65GhIfm0tnLntThhzCnfKwp1WRjeCyQ=="],

    "react": ["react@19.2.7", "", {}, "sha512-HNe9WslTbXmFK8o8cmwgAeJFSBvt1bPdHCVKtaaV+WlAN36mpT4hcRpwbf3fY56ar2oIXzsBpOAiIRHAdY0OlQ=="],

    "react-dom": ["react-dom@19.2.7", "", { "dependencies": { "scheduler": "^0.27.0" }, "peerDependencies": { "react": "^19.2.7" } }, "sha512-t0BRVXvbiE/o20Hfw669rLbMCDWtYZLvmJigy2f0MxsXF+71pxhR3xOkspmsO8h3ZlNzyibAmtCa3l4lYKk6gQ=="],

    "scheduler": ["scheduler@0.27.0", "", {}, "sha512-eNv+WrVbKu1f3vbYJT/xtiF5syA5HPIMtf9IgY/nKg0sWqzAUEvqY/xm7OcZc/qafLx/iO9FgOmeSAp4v5ti/Q=="],

    "strnum": ["strnum@2.3.0", "", {}, "sha512-ums3KNd42PGyx5xaoVTO1mjU1bH3NpY4vsrVlnv9PNGqQj8wd7rJ6nEypLrJ7z5vxK5RP0yMLo6J/Gsm62DI5Q=="],

    "tslib": ["tslib@2.8.1", "", {}, "sha512-oJFu94HQb+KVduSUQL7wnpmqnfmLsOA/nAh6b6EH0wCEoK0/mPeXU6c3wKDV83MkOuHPRHtSXKKU99IBazS/2w=="],

    "xml-naming": ["xml-naming@0.1.0", "", {}, "sha512-k8KO9hrMyNk6tUWqUfkTEZbezRRpONVOzUTnc97VnCvyj6Tf9lyUR9EDAIeiVLv56jsMcoXEwjW8Kv5yPY52lw=="],
  }
}
